
Microsoft Visual Studio Solution File, Format Version 12.00
# Visual Studio 15
VisualStudioVersion = 15.0.28307.329
MinimumVisualStudioVersion = 10.0.40219.1
Project("{FAE04EC0-301F-11D3-BF4B-00C04F79EFBC}") = "Szállitmanyozo", "Szállitmanyozo\Szállitmanyozo.csproj", "{A7A0A798-EB8F-4734-A27D-33A5C301C9AB}"
EndProject
Global
	GlobalSection(SolutionConfigurationPlatforms) = preSolution
		Debug|Any CPU = Debug|Any CPU
		Release|Any CPU = Release|Any CPU
	EndGlobalSection
	GlobalSection(ProjectConfigurationPlatforms) = postSolution
		{A7A0A798-EB8F-4734-A27D-33A5C301C9AB}.Debug|Any CPU.ActiveCfg = Debug|Any CPU
		{A7A0A798-EB8F-4734-A27D-33A5C301C9AB}.Debug|Any CPU.Build.0 = Debug|Any CPU
		{A7A0A798-EB8F-4734-A27D-33A5C301C9AB}.Release|Any CPU.ActiveCfg = Release|Any CPU
		{A7A0A798-EB8F-4734-A27D-33A5C301C9AB}.Release|Any CPU.Build.0 = Release|Any CPU
	EndGlobalSection
	GlobalSection(SolutionProperties) = preSolution
		HideSolutionNode = FALSE
	EndGlobalSection
	GlobalSection(ExtensibilityGlobals) = postSolution
		SolutionGuid = {23485C2F-B768-4371-B6C1-2A46BAC39F5E}
	EndGlobalSection
EndGlobal
